
Microsoft Visual Studio Solution File, Format Version 12.00
# Visual Studio Version 16
VisualStudioVersion = 16.0.32126.315
MinimumVisualStudioVersion = 10.0.40219.1
Project("{FAE04EC0-301F-11D3-BF4B-00C04F79EFBC}") = "DatabaseWebAPI", "DatabaseWebAPI\DatabaseWebAPI.csproj", "{53C9CADE-2DEF-4CE0-8443-4D4EFF3D9E72}"
EndProject
Project("{FAE04EC0-301F-11D3-BF4B-00C04F79EFBC}") = "Authenticator", "Authenticator\Authenticator.csproj", "{6AB0C885-614F-4F93-BFAE-C7433E88026D}"
EndProject
Global
	GlobalSection(SolutionConfigurationPlatforms) = preSolution
		Debug|Any CPU = Debug|Any CPU
		Release|Any CPU = Release|Any CPU
	EndGlobalSection
	GlobalSection(ProjectConfigurationPlatforms) = postSolution
		{53C9CADE-2DEF-4CE0-8443-4D4EFF3D9E72}.Debug|Any CPU.ActiveCfg = Debug|Any CPU
		{53C9CADE-2DEF-4CE0-8443-4D4EFF3D9E72}.Debug|Any CPU.Build.0 = Debug|Any CPU
		{53C9CADE-2DEF-4CE0-8443-4D4EFF3D9E72}.Release|Any CPU.ActiveCfg = Release|Any CPU
		{53C9CADE-2DEF-4CE0-8443-4D4EFF3D9E72}.Release|Any CPU.Build.0 = Release|Any CPU
		{6AB0C885-614F-4F93-BFAE-C7433E88026D}.Debug|Any CPU.ActiveCfg = Debug|Any CPU
		{6AB0C885-614F-4F93-BFAE-C7433E88026D}.Debug|Any CPU.Build.0 = Debug|Any CPU
		{6AB0C885-614F-4F93-BFAE-C7433E88026D}.Release|Any CPU.ActiveCfg = Release|Any CPU
		{6AB0C885-614F-4F93-BFAE-C7433E88026D}.Release|Any CPU.Build.0 = Release|Any CPU
	EndGlobalSection
	GlobalSection(SolutionProperties) = preSolution
		HideSolutionNode = FALSE
	EndGlobalSection
	GlobalSection(ExtensibilityGlobals) = postSolution
		SolutionGuid = {10B8925B-09B7-45C4-B0CB-F16F12855B52}
	EndGlobalSection
EndGlobal
